
Microsoft Visual Studio Solution File, Format Version 12.00
# Visual Studio 15
VisualStudioVersion = 15.0.28010.2026
MinimumVisualStudioVersion = 10.0.40219.1
Project("{FAE04EC0-301F-11D3-BF4B-00C04F79EFBC}") = "HotelWCFService", "HotelWCFService\HotelWCFService.csproj", "{FBDD6D8D-B810-4EA9-9B56-1246FC62BD02}"
EndProject
Global
	GlobalSection(SolutionConfigurationPlatforms) = preSolution
		Debug|Any CPU = Debug|Any CPU
		Release|Any CPU = Release|Any CPU
	EndGlobalSection
	GlobalSection(ProjectConfigurationPlatforms) = postSolution
		{FBDD6D8D-B810-4EA9-9B56-1246FC62BD02}.Debug|Any CPU.ActiveCfg = Debug|Any CPU
		{FBDD6D8D-B810-4EA9-9B56-1246FC62BD02}.Debug|Any CPU.Build.0 = Debug|Any CPU
		{FBDD6D8D-B810-4EA9-9B56-1246FC62BD02}.Release|Any CPU.ActiveCfg = Release|Any CPU
		{FBDD6D8D-B810-4EA9-9B56-1246FC62BD02}.Release|Any CPU.Build.0 = Release|Any CPU
	EndGlobalSection
	GlobalSection(SolutionProperties) = preSolution
		HideSolutionNode = FALSE
	EndGlobalSection
	GlobalSection(ExtensibilityGlobals) = postSolution
		SolutionGuid = {1EDB1FEA-79F7-4178-9A6A-009FE51AAA49}
	EndGlobalSection
EndGlobal
